
Microsoft Visual Studio Solution File, Format Version 12.00
# Visual Studio Version 16
VisualStudioVersion = 16.0.30011.22
MinimumVisualStudioVersion = 10.0.40219.1
Project("{FAE04EC0-301F-11D3-BF4B-00C04F79EFBC}") = "BookStore-API", "BookStore-API\BookStore-API.csproj", "{F985A39B-81F6-41BA-8BBF-98BA7B95CACB}"
EndProject
Global
	GlobalSection(SolutionConfigurationPlatforms) = preSolution
		Debug|Any CPU = Debug|Any CPU
		Release|Any CPU = Release|Any CPU
	EndGlobalSection
	GlobalSection(ProjectConfigurationPlatforms) = postSolution
		{F985A39B-81F6-41BA-8BBF-98BA7B95CACB}.Debug|Any CPU.ActiveCfg = Debug|Any CPU
		{F985A39B-81F6-41BA-8BBF-98BA7B95CACB}.Debug|Any CPU.Build.0 = Debug|Any CPU
		{F985A39B-81F6-41BA-8BBF-98BA7B95CACB}.Release|Any CPU.ActiveCfg = Release|Any CPU
		{F985A39B-81F6-41BA-8BBF-98BA7B95CACB}.Release|Any CPU.Build.0 = Release|Any CPU
	EndGlobalSection
	GlobalSection(SolutionProperties) = preSolution
		HideSolutionNode = FALSE
	EndGlobalSection
	GlobalSection(ExtensibilityGlobals) = postSolution
		SolutionGuid = {B11ED70B-C1EA-4FBB-BA38-8E7B2165E0BB}
	EndGlobalSection
EndGlobal
